
Microsoft Visual Studio Solution File, Format Version 12.00
# Visual Studio Version 16
VisualStudioVersion = 16.0.29613.14
MinimumVisualStudioVersion = 10.0.40219.1
Project("{FAE04EC0-301F-11D3-BF4B-00C04F79EFBC}") = "Direct.Zip.Library", "Direct.Zip.Library\Direct.Zip.Library.csproj", "{8B6C94D5-3419-431A-A38E-9F3C3B837AC7}"
EndProject
Global
	GlobalSection(SolutionConfigurationPlatforms) = preSolution
		Debug|Any CPU = Debug|Any CPU
		Release|Any CPU = Release|Any CPU
	EndGlobalSection
	GlobalSection(ProjectConfigurationPlatforms) = postSolution
		{8B6C94D5-3419-431A-A38E-9F3C3B837AC7}.Debug|Any CPU.ActiveCfg = Debug|Any CPU
		{8B6C94D5-3419-431A-A38E-9F3C3B837AC7}.Debug|Any CPU.Build.0 = Debug|Any CPU
		{8B6C94D5-3419-431A-A38E-9F3C3B837AC7}.Release|Any CPU.ActiveCfg = Release|Any CPU
		{8B6C94D5-3419-431A-A38E-9F3C3B837AC7}.Release|Any CPU.Build.0 = Release|Any CPU
	EndGlobalSection
	GlobalSection(SolutionProperties) = preSolution
		HideSolutionNode = FALSE
	EndGlobalSection
	GlobalSection(ExtensibilityGlobals) = postSolution
		SolutionGuid = {16BB9792-0EA8-44DD-9988-2FBB94F23E35}
	EndGlobalSection
EndGlobal
